
Microsoft Visual Studio Solution File, Format Version 12.00
# Visual Studio Version 17
VisualStudioVersion = 17.3.32901.215
MinimumVisualStudioVersion = 10.0.40219.1
Project("{2150E333-8FDC-42A3-9474-1A3956D46DE8}") = "EmployeeCatalog", "EmployeeCatalog", "{CB51EEC0-0E7D-456C-9660-C488A1A29320}"
EndProject
Project("{9A19103F-16F7-4668-BE54-9A1E7A4F7556}") = "EmployeeAPI", "EmployeeAPI\EmployeeAPI.csproj", "{2FC86712-7D08-401D-9263-1F292D0D606B}"
EndProject
Project("{9A19103F-16F7-4668-BE54-9A1E7A4F7556}") = "Domain", "Domain\Domain.csproj", "{21EDBB3C-EFF3-4CC6-B674-CBB80C3950B0}"
EndProject
Project("{9A19103F-16F7-4668-BE54-9A1E7A4F7556}") = "Infrastructure", "Infrastructure\Infrastructure.csproj", "{2352F42C-2A6F-41C7-9A39-2B58935F0BC1}"
EndProject
Project("{9A19103F-16F7-4668-BE54-9A1E7A4F7556}") = "Application", "Application\Application.csproj", "{2800397C-2A56-466B-9C7E-9B94AA88D057}"
EndProject
Project("{2150E333-8FDC-42A3-9474-1A3956D46DE8}") = "ConsumerCatalog", "ConsumerCatalog", "{5177FAE6-F792-46B5-BA5E-4D2E44D04C7D}"
EndProject
Project("{9A19103F-16F7-4668-BE54-9A1E7A4F7556}") = "ConsumerAPI", "ConsumerAPI\ConsumerAPI.csproj", "{5ED60495-DB6C-4D4E-98F5-B4213EF13216}"
EndProject
Project("{9A19103F-16F7-4668-BE54-9A1E7A4F7556}") = "BLL", "BLL\BLL.csproj", "{30605750-B30B-4970-82F8-4FE6D192EBC9}"
EndProject
Project("{9A19103F-16F7-4668-BE54-9A1E7A4F7556}") = "DAL", "DAL\DAL.csproj", "{D4DC7A6C-81B5-490A-928D-AFD3DA521914}"
EndProject
Project("{2150E333-8FDC-42A3-9474-1A3956D46DE8}") = "Gateway", "Gateway", "{A42E5D4F-C5C7-4353-85C2-714E58220017}"
EndProject
Project("{9A19103F-16F7-4668-BE54-9A1E7A4F7556}") = "Gateway", "Gateway\Gateway.csproj", "{48E1343F-8824-4B2A-A925-0D759EE15EB2}"
EndProject
Project("{E53339B2-1760-4266-BCC7-CA923CBCF16C}") = "docker-compose", "docker-compose.dcproj", "{7D2B14CE-229C-43BA-AEF2-355FF74359CC}"
EndProject
Project("{9A19103F-16F7-4668-BE54-9A1E7A4F7556}") = "Aggregator", "Aggregator\Aggregator.csproj", "{CB011C69-89FE-47F0-ACEE-B8D2E19CE2BD}"
EndProject
Project("{9A19103F-16F7-4668-BE54-9A1E7A4F7556}") = "Rabbit", "Rabbit\Rabbit.csproj", "{A1D9F6CB-59FF-4EC1-8033-E20B915406C9}"
EndProject
Project("{2150E333-8FDC-42A3-9474-1A3956D46DE8}") = "Tests", "Tests", "{402EBE08-7003-44C1-A0D2-BD9A4160CE84}"
EndProject
Project("{FAE04EC0-301F-11D3-BF4B-00C04F79EFBC}") = "ConsumerCatalogTests", "ConsumerCatalogTests\ConsumerCatalogTests.csproj", "{EDF807E2-7E2D-43DD-8FDE-CC393762A086}"
EndProject
Global
	GlobalSection(SolutionConfigurationPlatforms) = preSolution
		Debug|Any CPU = Debug|Any CPU
		Release|Any CPU = Release|Any CPU
	EndGlobalSection
	GlobalSection(ProjectConfigurationPlatforms) = postSolution
		{2FC86712-7D08-401D-9263-1F292D0D606B}.Debug|Any CPU.ActiveCfg = Debug|Any CPU
		{2FC86712-7D08-401D-9263-1F292D0D606B}.Debug|Any CPU.Build.0 = Debug|Any CPU
		{2FC86712-7D08-401D-9263-1F292D0D606B}.Release|Any CPU.ActiveCfg = Release|Any CPU
		{2FC86712-7D08-401D-9263-1F292D0D606B}.Release|Any CPU.Build.0 = Release|Any CPU
		{21EDBB3C-EFF3-4CC6-B674-CBB80C3950B0}.Debug|Any CPU.ActiveCfg = Debug|Any CPU
		{21EDBB3C-EFF3-4CC6-B674-CBB80C3950B0}.Debug|Any CPU.Build.0 = Debug|Any CPU
		{21EDBB3C-EFF3-4CC6-B674-CBB80C3950B0}.Release|Any CPU.ActiveCfg = Release|Any CPU
		{21EDBB3C-EFF3-4CC6-B674-CBB80C3950B0}.Release|Any CPU.Build.0 = Release|Any CPU
		{2352F42C-2A6F-41C7-9A39-2B58935F0BC1}.Debug|Any CPU.ActiveCfg = Debug|Any CPU
		{2352F42C-2A6F-41C7-9A39-2B58935F0BC1}.Debug|Any CPU.Build.0 = Debug|Any CPU
		{2352F42C-2A6F-41C7-9A39-2B58935F0BC1}.Release|Any CPU.ActiveCfg = Release|Any CPU
		{2352F42C-2A6F-41C7-9A39-2B58935F0BC1}.Release|Any CPU.Build.0 = Release|Any CPU
		{2800397C-2A56-466B-9C7E-9B94AA88D057}.Debug|Any CPU.ActiveCfg = Debug|Any CPU
		{2800397C-2A56-466B-9C7E-9B94AA88D057}.Debug|Any CPU.Build.0 = Debug|Any CPU
		{2800397C-2A56-466B-9C7E-9B94AA88D057}.Release|Any CPU.ActiveCfg = Release|Any CPU
		{2800397C-2A56-466B-9C7E-9B94AA88D057}.Release|Any CPU.Build.0 = Release|Any CPU
		{5ED60495-DB6C-4D4E-98F5-B4213EF13216}.Debug|Any CPU.ActiveCfg = Debug|Any CPU
		{5ED60495-DB6C-4D4E-98F5-B4213EF13216}.Debug|Any CPU.Build.0 = Debug|Any CPU
		{5ED60495-DB6C-4D4E-98F5-B4213EF13216}.Release|Any CPU.ActiveCfg = Release|Any CPU
		{5ED60495-DB6C-4D4E-98F5-B4213EF13216}.Release|Any CPU.Build.0 = Release|Any CPU
		{30605750-B30B-4970-82F8-4FE6D192EBC9}.Debug|Any CPU.ActiveCfg = Debug|Any CPU
		{30605750-B30B-4970-82F8-4FE6D192EBC9}.Debug|Any CPU.Build.0 = Debug|Any CPU
		{30605750-B30B-4970-82F8-4FE6D192EBC9}.Release|Any CPU.ActiveCfg = Release|Any CPU
		{30605750-B30B-4970-82F8-4FE6D192EBC9}.Release|Any CPU.Build.0 = Release|Any CPU
		{D4DC7A6C-81B5-490A-928D-AFD3DA521914}.Debug|Any CPU.ActiveCfg = Debug|Any CPU
		{D4DC7A6C-81B5-490A-928D-AFD3DA521914}.Debug|Any CPU.Build.0 = Debug|Any CPU
		{D4DC7A6C-81B5-490A-928D-AFD3DA521914}.Release|Any CPU.ActiveCfg = Release|Any CPU
		{D4DC7A6C-81B5-490A-928D-AFD3DA521914}.Release|Any CPU.Build.0 = Release|Any CPU
		{48E1343F-8824-4B2A-A925-0D759EE15EB2}.Debug|Any CPU.ActiveCfg = Debug|Any CPU
		{48E1343F-8824-4B2A-A925-0D759EE15EB2}.Debug|Any CPU.Build.0 = Debug|Any CPU
		{48E1343F-8824-4B2A-A925-0D759EE15EB2}.Release|Any CPU.ActiveCfg = Release|Any CPU
		{48E1343F-8824-4B2A-A925-0D759EE15EB2}.Release|Any CPU.Build.0 = Release|Any CPU
		{7D2B14CE-229C-43BA-AEF2-355FF74359CC}.Debug|Any CPU.ActiveCfg = Debug|Any CPU
		{7D2B14CE-229C-43BA-AEF2-355FF74359CC}.Debug|Any CPU.Build.0 = Debug|Any CPU
		{7D2B14CE-229C-43BA-AEF2-355FF74359CC}.Release|Any CPU.ActiveCfg = Release|Any CPU
		{7D2B14CE-229C-43BA-AEF2-355FF74359CC}.Release|Any CPU.Build.0 = Release|Any CPU
		{CB011C69-89FE-47F0-ACEE-B8D2E19CE2BD}.Debug|Any CPU.ActiveCfg = Debug|Any CPU
		{CB011C69-89FE-47F0-ACEE-B8D2E19CE2BD}.Debug|Any CPU.Build.0 = Debug|Any CPU
		{CB011C69-89FE-47F0-ACEE-B8D2E19CE2BD}.Release|Any CPU.ActiveCfg = Release|Any CPU
		{CB011C69-89FE-47F0-ACEE-B8D2E19CE2BD}.Release|Any CPU.Build.0 = Release|Any CPU
		{A1D9F6CB-59FF-4EC1-8033-E20B915406C9}.Debug|Any CPU.ActiveCfg = Debug|Any CPU
		{A1D9F6CB-59FF-4EC1-8033-E20B915406C9}.Debug|Any CPU.Build.0 = Debug|Any CPU
		{A1D9F6CB-59FF-4EC1-8033-E20B915406C9}.Release|Any CPU.ActiveCfg = Release|Any CPU
		{A1D9F6CB-59FF-4EC1-8033-E20B915406C9}.Release|Any CPU.Build.0 = Release|Any CPU
		{EDF807E2-7E2D-43DD-8FDE-CC393762A086}.Debug|Any CPU.ActiveCfg = Debug|Any CPU
		{EDF807E2-7E2D-43DD-8FDE-CC393762A086}.Debug|Any CPU.Build.0 = Debug|Any CPU
		{EDF807E2-7E2D-43DD-8FDE-CC393762A086}.Release|Any CPU.ActiveCfg = Release|Any CPU
		{EDF807E2-7E2D-43DD-8FDE-CC393762A086}.Release|Any CPU.Build.0 = Release|Any CPU
	EndGlobalSection
	GlobalSection(SolutionProperties) = preSolution
		HideSolutionNode = FALSE
	EndGlobalSection
	GlobalSection(NestedProjects) = preSolution
		{2FC86712-7D08-401D-9263-1F292D0D606B} = {CB51EEC0-0E7D-456C-9660-C488A1A29320}
		{21EDBB3C-EFF3-4CC6-B674-CBB80C3950B0} = {CB51EEC0-0E7D-456C-9660-C488A1A29320}
		{2352F42C-2A6F-41C7-9A39-2B58935F0BC1} = {CB51EEC0-0E7D-456C-9660-C488A1A29320}
		{2800397C-2A56-466B-9C7E-9B94AA88D057} = {CB51EEC0-0E7D-456C-9660-C488A1A29320}
		{5ED60495-DB6C-4D4E-98F5-B4213EF13216} = {5177FAE6-F792-46B5-BA5E-4D2E44D04C7D}
		{30605750-B30B-4970-82F8-4FE6D192EBC9} = {5177FAE6-F792-46B5-BA5E-4D2E44D04C7D}
		{D4DC7A6C-81B5-490A-928D-AFD3DA521914} = {5177FAE6-F792-46B5-BA5E-4D2E44D04C7D}
		{48E1343F-8824-4B2A-A925-0D759EE15EB2} = {A42E5D4F-C5C7-4353-85C2-714E58220017}
		{CB011C69-89FE-47F0-ACEE-B8D2E19CE2BD} = {A42E5D4F-C5C7-4353-85C2-714E58220017}
		{A1D9F6CB-59FF-4EC1-8033-E20B915406C9} = {A42E5D4F-C5C7-4353-85C2-714E58220017}
		{EDF807E2-7E2D-43DD-8FDE-CC393762A086} = {402EBE08-7003-44C1-A0D2-BD9A4160CE84}
	EndGlobalSection
	GlobalSection(ExtensibilityGlobals) = postSolution
		SolutionGuid = {7AAB3E61-04A0-4198-B732-07AD97ED71D1}
	EndGlobalSection
EndGlobal
